
Microsoft Visual Studio Solution File, Format Version 12.00
# Visual Studio Version 17
VisualStudioVersion = 17.7.34221.43
MinimumVisualStudioVersion = 10.0.40219.1
Project("{FAE04EC0-301F-11D3-BF4B-00C04F79EFBC}") = "Papyrus", "Papyrus\Papyrus.csproj", "{B338BDFC-5EE6-4849-B2F0-943EE8E6223F}"
EndProject
Global
	GlobalSection(SolutionConfigurationPlatforms) = preSolution
		Debug|Any CPU = Debug|Any CPU
		Release|Any CPU = Release|Any CPU
	EndGlobalSection
	GlobalSection(ProjectConfigurationPlatforms) = postSolution
		{B338BDFC-5EE6-4849-B2F0-943EE8E6223F}.Debug|Any CPU.ActiveCfg = Debug|Any CPU
		{B338BDFC-5EE6-4849-B2F0-943EE8E6223F}.Debug|Any CPU.Build.0 = Debug|Any CPU
		{B338BDFC-5EE6-4849-B2F0-943EE8E6223F}.Release|Any CPU.ActiveCfg = Release|Any CPU
		{B338BDFC-5EE6-4849-B2F0-943EE8E6223F}.Release|Any CPU.Build.0 = Release|Any CPU
	EndGlobalSection
	GlobalSection(SolutionProperties) = preSolution
		HideSolutionNode = FALSE
	EndGlobalSection
	GlobalSection(ExtensibilityGlobals) = postSolution
		SolutionGuid = {E7C137AD-F104-4087-8D56-BAE7ADFFC44D}
	EndGlobalSection
EndGlobal
